
Microsoft Visual Studio Solution File, Format Version 12.00
# Visual Studio Version 16
VisualStudioVersion = 16.0.28917.181
MinimumVisualStudioVersion = 10.0.40219.1
Project("{FAE04EC0-301F-11D3-BF4B-00C04F79EFBC}") = "Lab-State-Management", "Lab-State-Management\Lab-State-Management.csproj", "{44711577-2B78-4F2B-ABDF-B467BD788807}"
EndProject
Global
	GlobalSection(SolutionConfigurationPlatforms) = preSolution
		Debug|Any CPU = Debug|Any CPU
		Release|Any CPU = Release|Any CPU
	EndGlobalSection
	GlobalSection(ProjectConfigurationPlatforms) = postSolution
		{44711577-2B78-4F2B-ABDF-B467BD788807}.Debug|Any CPU.ActiveCfg = Debug|Any CPU
		{44711577-2B78-4F2B-ABDF-B467BD788807}.Debug|Any CPU.Build.0 = Debug|Any CPU
		{44711577-2B78-4F2B-ABDF-B467BD788807}.Release|Any CPU.ActiveCfg = Release|Any CPU
		{44711577-2B78-4F2B-ABDF-B467BD788807}.Release|Any CPU.Build.0 = Release|Any CPU
	EndGlobalSection
	GlobalSection(SolutionProperties) = preSolution
		HideSolutionNode = FALSE
	EndGlobalSection
	GlobalSection(ExtensibilityGlobals) = postSolution
		SolutionGuid = {B58BB638-6102-4D67-BB10-9A22755AD5AA}
	EndGlobalSection
EndGlobal
